
Microsoft Visual Studio Solution File, Format Version 12.00
# Visual Studio Version 16
VisualStudioVersion = 16.0.29911.84
MinimumVisualStudioVersion = 10.0.40219.1
Project("{FAE04EC0-301F-11D3-BF4B-00C04F79EFBC}") = "Task9", "Task9\Task9.csproj", "{92DE7ACD-69F1-48F8-B2B8-9628ED6F63B7}"
EndProject
Global
	GlobalSection(SolutionConfigurationPlatforms) = preSolution
		Debug|Any CPU = Debug|Any CPU
		Release|Any CPU = Release|Any CPU
	EndGlobalSection
	GlobalSection(ProjectConfigurationPlatforms) = postSolution
		{92DE7ACD-69F1-48F8-B2B8-9628ED6F63B7}.Debug|Any CPU.ActiveCfg = Debug|Any CPU
		{92DE7ACD-69F1-48F8-B2B8-9628ED6F63B7}.Debug|Any CPU.Build.0 = Debug|Any CPU
		{92DE7ACD-69F1-48F8-B2B8-9628ED6F63B7}.Release|Any CPU.ActiveCfg = Release|Any CPU
		{92DE7ACD-69F1-48F8-B2B8-9628ED6F63B7}.Release|Any CPU.Build.0 = Release|Any CPU
	EndGlobalSection
	GlobalSection(SolutionProperties) = preSolution
		HideSolutionNode = FALSE
	EndGlobalSection
	GlobalSection(ExtensibilityGlobals) = postSolution
		SolutionGuid = {D5159FD0-B180-44C5-8384-25BC363E04E2}
	EndGlobalSection
EndGlobal
