
Microsoft Visual Studio Solution File, Format Version 12.00
# Visual Studio Version 16
VisualStudioVersion = 16.0.29911.84
MinimumVisualStudioVersion = 10.0.40219.1
Project("{FAE04EC0-301F-11D3-BF4B-00C04F79EFBC}") = "Task3", "Task3\Task3.csproj", "{BC21E2AC-1240-44CB-9EF3-2825A9C20EA2}"
EndProject
Global
	GlobalSection(SolutionConfigurationPlatforms) = preSolution
		Debug|Any CPU = Debug|Any CPU
		Release|Any CPU = Release|Any CPU
	EndGlobalSection
	GlobalSection(ProjectConfigurationPlatforms) = postSolution
		{BC21E2AC-1240-44CB-9EF3-2825A9C20EA2}.Debug|Any CPU.ActiveCfg = Debug|Any CPU
		{BC21E2AC-1240-44CB-9EF3-2825A9C20EA2}.Debug|Any CPU.Build.0 = Debug|Any CPU
		{BC21E2AC-1240-44CB-9EF3-2825A9C20EA2}.Release|Any CPU.ActiveCfg = Release|Any CPU
		{BC21E2AC-1240-44CB-9EF3-2825A9C20EA2}.Release|Any CPU.Build.0 = Release|Any CPU
	EndGlobalSection
	GlobalSection(SolutionProperties) = preSolution
		HideSolutionNode = FALSE
	EndGlobalSection
	GlobalSection(ExtensibilityGlobals) = postSolution
		SolutionGuid = {5071A19F-E4D2-44B6-B3A1-62DB7BAE5064}
	EndGlobalSection
EndGlobal
